
Microsoft Visual Studio Solution File, Format Version 12.00
# Visual Studio Version 16
VisualStudioVersion = 16.0.30320.27
MinimumVisualStudioVersion = 10.0.40219.1
Project("{FAE04EC0-301F-11D3-BF4B-00C04F79EFBC}") = "Geldautomat", "Geldautomat\Geldautomat.csproj", "{7A49CDA7-0D0D-44E6-A364-AD52196C710D}"
EndProject
Global
	GlobalSection(SolutionConfigurationPlatforms) = preSolution
		Debug|Any CPU = Debug|Any CPU
		Release|Any CPU = Release|Any CPU
	EndGlobalSection
	GlobalSection(ProjectConfigurationPlatforms) = postSolution
		{7A49CDA7-0D0D-44E6-A364-AD52196C710D}.Debug|Any CPU.ActiveCfg = Debug|Any CPU
		{7A49CDA7-0D0D-44E6-A364-AD52196C710D}.Debug|Any CPU.Build.0 = Debug|Any CPU
		{7A49CDA7-0D0D-44E6-A364-AD52196C710D}.Release|Any CPU.ActiveCfg = Release|Any CPU
		{7A49CDA7-0D0D-44E6-A364-AD52196C710D}.Release|Any CPU.Build.0 = Release|Any CPU
	EndGlobalSection
	GlobalSection(SolutionProperties) = preSolution
		HideSolutionNode = FALSE
	EndGlobalSection
	GlobalSection(ExtensibilityGlobals) = postSolution
		SolutionGuid = {02BFB536-3957-4D35-9D82-C3DDA0F36354}
	EndGlobalSection
EndGlobal
